
Microsoft Visual Studio Solution File, Format Version 12.00
# Visual Studio Version 16
VisualStudioVersion = 16.0.31727.386
MinimumVisualStudioVersion = 10.0.40219.1
Project("{FAE04EC0-301F-11D3-BF4B-00C04F79EFBC}") = "Triangles_2", "Triangles_2.csproj", "{926E8C68-781C-42E3-9140-750222461805}"
EndProject
Global
	GlobalSection(SolutionConfigurationPlatforms) = preSolution
		Debug|Any CPU = Debug|Any CPU
		Release|Any CPU = Release|Any CPU
	EndGlobalSection
	GlobalSection(ProjectConfigurationPlatforms) = postSolution
		{926E8C68-781C-42E3-9140-750222461805}.Debug|Any CPU.ActiveCfg = Debug|Any CPU
		{926E8C68-781C-42E3-9140-750222461805}.Debug|Any CPU.Build.0 = Debug|Any CPU
		{926E8C68-781C-42E3-9140-750222461805}.Release|Any CPU.ActiveCfg = Release|Any CPU
		{926E8C68-781C-42E3-9140-750222461805}.Release|Any CPU.Build.0 = Release|Any CPU
	EndGlobalSection
	GlobalSection(SolutionProperties) = preSolution
		HideSolutionNode = FALSE
	EndGlobalSection
	GlobalSection(ExtensibilityGlobals) = postSolution
		SolutionGuid = {A4F553AF-E26B-40E5-9681-218F619EBAF7}
	EndGlobalSection
EndGlobal
